// !$*UTF8*$!
{
	archiveVersion = 1;
	classes = {
	};
	objectVersion = 77;
	objects = {

/* Begin PBXBuildFile section */
		DDBD05CA2F8E281F00252E3F /* FreedomTrackerApp.swift in Sources */ = {isa = PBXBuildFile; fileRef = DDBD05C92F8E281F00252E3F /* FreedomTrackerApp.swift */; };
		DDBD05CC2F8E281F00252E3F /* ContentView.swift in Sources */ = {isa = PBXBuildFile; fileRef = DDBD05CB2F8E281F00252E3F /* ContentView.swift */; };
		DDBD05DD2F8E336F00252E3F /* CircularProgressView.swift in Sources */ = {isa = PBXBuildFile; fileRef = DDBD05DC2F8E336D00252E3F /* CircularProgressView.swift */; };
		DDBD05DF2F8E338300252E3F /* ActionCardView.swift in Sources */ = {isa = PBXBuildFile; fileRef = DDBD05DE2F8E338100252E3F /* ActionCardView.swift */; };
		DDBD05E02F8E355500252E3F /* DataModels.swift in Sources */ = {isa = PBXBuildFile; fileRef = DDBD05DB2F8E322D00252E3F /* DataModels.swift */; };
		DDBD05E52F8E3C8200252E3F /* OnboardingView.swift in Sources */ = {isa = PBXBuildFile; fileRef = DDBD05E42F8E3C8000252E3F /* OnboardingView.swift */; };
		DDBD05E72F8E3CA000252E3F /* DashboardView.swift in Sources */ = {isa = PBXBuildFile; fileRef = DDBD05E62F8E3C9E00252E3F /* DashboardView.swift */; };
		DDBD05EF2F8E563C00252E3F /* WidgetKit.framework in Frameworks */ = {isa = PBXBuildFile; fileRef = DDBD05EE2F8E563B00252E3F /* WidgetKit.framework */; };
		DDBD05F12F8E563C00252E3F /* SwiftUI.framework in Frameworks */ = {isa = PBXBuildFile; fileRef = DDBD05F02F8E563C00252E3F /* SwiftUI.framework */; };
		DDBD06002F8E563E00252E3F /* FreedomWidgetExtension.appex in Embed Foundation Extensions */ = {isa = PBXBuildFile; fileRef = DDBD05EC2F8E563B00252E3F /* FreedomWidgetExtension.appex */; settings = {ATTRIBUTES = (RemoveHeadersOnCopy, ); }; };
		DDBD06062F8E566600252E3F /* DataModels.swift in Sources */ = {isa = PBXBuildFile; fileRef = DDBD05DB2F8E322D00252E3F /* DataModels.swift */; };
		DDBD06122F8EA41E00252E3F /* HistoryView.swift in Sources */ = {isa = PBXBuildFile; fileRef = DDBD06112F8EA41B00252E3F /* HistoryView.swift */; };
		DDBD06142F8EA8B000252E3F /* AddCustomExpenseView.swift in Sources */ = {isa = PBXBuildFile; fileRef = DDBD06132F8EA8AE00252E3F /* AddCustomExpenseView.swift */; };
		DDBD06182F8FEC1F00252E3F /* SettingsView.swift in Sources */ = {isa = PBXBuildFile; fileRef = DDBD06172F8FEC1D00252E3F /* SettingsView.swift */; };
		DDBD061A2F909DAB00252E3F /* Localizable.xcstrings in Resources */ = {isa = PBXBuildFile; fileRef = DDBD06192F909DAB00252E3F /* Localizable.xcstrings */; };
		DDBD061C2F90B58F00252E3F /* FreedomShortcuts.swift in Sources */ = {isa = PBXBuildFile; fileRef = DDBD061B2F90B58C00252E3F /* FreedomShortcuts.swift */; };
		DDBD061D2F90B58F00252E3F /* FreedomShortcuts.swift in Sources */ = {isa = PBXBuildFile; fileRef = DDBD061B2F90B58C00252E3F /* FreedomShortcuts.swift */; };
		DDBD061F2F90C38900252E3F /* WelcomeView.swift in Sources */ = {isa = PBXBuildFile; fileRef = DDBD061E2F90C38600252E3F /* WelcomeView.swift */; };
		DDBD06212F90E94700252E3F /* PaywallView.swift in Sources */ = {isa = PBXBuildFile; fileRef = DDBD06202F90E94000252E3F /* PaywallView.swift */; };
		DDBD06412F90FD3300252E3F /* DayLimit Watch App Watch App.app in Embed Watch Content */ = {isa = PBXBuildFile; fileRef = DDBD06372F90FD3100252E3F /* DayLimit Watch App Watch App.app */; settings = {ATTRIBUTES = (RemoveHeadersOnCopy, ); }; };
/* End PBXBuildFile section */

/* Begin PBXContainerItemProxy section */
		DDBD05FE2F8E563E00252E3F /* PBXContainerItemProxy */ = {
			isa = PBXContainerItemProxy;
			containerPortal = DDBD05BE2F8E281F00252E3F /* Project object */;
			proxyType = 1;
			remoteGlobalIDString = DDBD05EB2F8E563B00252E3F;
			remoteInfo = FreedomWidgetExtension;
		};
		DDBD063F2F90FD3300252E3F /* PBXContainerItemProxy */ = {
			isa = PBXContainerItemProxy;
			containerPortal = DDBD05BE2F8E281F00252E3F /* Project object */;
			proxyType = 1;
			remoteGlobalIDString = DDBD06362F90FD3100252E3F;
			remoteInfo = "DayLimit Watch App Watch App";
		};
/* End PBXContainerItemProxy section */

/* Begin PBXCopyFilesBuildPhase section */
		DDBD06052F8E563E00252E3F /* Embed Foundation Extensions */ = {
			isa = PBXCopyFilesBuildPhase;
			buildActionMask = 2147483647;
			dstPath = "";
			dstSubfolderSpec = 13;
			files = (
				DDBD06002F8E563E00252E3F /* FreedomWidgetExtension.appex in Embed Foundation Extensions */,
			);
			name = "Embed Foundation Extensions";
			runOnlyForDeploymentPostprocessing = 0;
		};
		DDBD06422F90FD3300252E3F /* Embed Watch Content */ = {
			isa = PBXCopyFilesBuildPhase;
			buildActionMask = 2147483647;
			dstPath = "$(CONTENTS_FOLDER_PATH)/Watch";
			dstSubfolderSpec = 16;
			files = (
				DDBD06412F90FD3300252E3F /* DayLimit Watch App Watch App.app in Embed Watch Content */,
			);
			name = "Embed Watch Content";
			runOnlyForDeploymentPostprocessing = 0;
		};
/* End PBXCopyFilesBuildPhase section */

/* Begin PBXFileReference section */
		DDBD05C62F8E281F00252E3F /* FreedomTracker.app */ = {isa = PBXFileReference; explicitFileType = wrapper.application; includeInIndex = 0; path = FreedomTracker.app; sourceTree = BUILT_PRODUCTS_DIR; };
		DDBD05C92F8E281F00252E3F /* FreedomTrackerApp.swift */ = {isa = PBXFileReference; lastKnownFileType = sourcecode.swift; path = FreedomTrackerApp.swift; sourceTree = "<group>"; };
		DDBD05CB2F8E281F00252E3F /* ContentView.swift */ = {isa = PBXFileReference; lastKnownFileType = sourcecode.swift; path = ContentView.swift; sourceTree = "<group>"; };
		DDBD05DB2F8E322D00252E3F /* DataModels.swift */ = {isa = PBXFileReference; lastKnownFileType = sourcecode.swift; path = DataModels.swift; sourceTree = "<group>"; };
		DDBD05DC2F8E336D00252E3F /* CircularProgressView.swift */ = {isa = PBXFileReference; lastKnownFileType = sourcecode.swift; path = CircularProgressView.swift; sourceTree = "<group>"; };
		DDBD05DE2F8E338100252E3F /* ActionCardView.swift */ = {isa = PBXFileReference; lastKnownFileType = sourcecode.swift; path = ActionCardView.swift; sourceTree = "<group>"; };
		DDBD05E42F8E3C8000252E3F /* OnboardingView.swift */ = {isa = PBXFileReference; lastKnownFileType = sourcecode.swift; path = OnboardingView.swift; sourceTree = "<group>"; };
		DDBD05E62F8E3C9E00252E3F /* DashboardView.swift */ = {isa = PBXFileReference; lastKnownFileType = sourcecode.swift; path = DashboardView.swift; sourceTree = "<group>"; };
		DDBD05EC2F8E563B00252E3F /* FreedomWidgetExtension.appex */ = {isa = PBXFileReference; explicitFileType = "wrapper.app-extension"; includeInIndex = 0; path = FreedomWidgetExtension.appex; sourceTree = BUILT_PRODUCTS_DIR; };
		DDBD05EE2F8E563B00252E3F /* WidgetKit.framework */ = {isa = PBXFileReference; lastKnownFileType = wrapper.framework; name = WidgetKit.framework; path = System/Library/Frameworks/WidgetKit.framework; sourceTree = SDKROOT; };
		DDBD05F02F8E563C00252E3F /* SwiftUI.framework */ = {isa = PBXFileReference; lastKnownFileType = wrapper.framework; name = SwiftUI.framework; path = System/Library/Frameworks/SwiftUI.framework; sourceTree = SDKROOT; };
		DDBD060F2F8E5ED300252E3F /* FreedomWidgetExtension.entitlements */ = {isa = PBXFileReference; lastKnownFileType = text.plist.entitlements; path = FreedomWidgetExtension.entitlements; sourceTree = "<group>"; };
		DDBD06112F8EA41B00252E3F /* HistoryView.swift */ = {isa = PBXFileReference; lastKnownFileType = sourcecode.swift; path = HistoryView.swift; sourceTree = "<group>"; };
		DDBD06132F8EA8AE00252E3F /* AddCustomExpenseView.swift */ = {isa = PBXFileReference; lastKnownFileType = sourcecode.swift; path = AddCustomExpenseView.swift; sourceTree = "<group>"; };
		DDBD06172F8FEC1D00252E3F /* SettingsView.swift */ = {isa = PBXFileReference; lastKnownFileType = sourcecode.swift; path = SettingsView.swift; sourceTree = "<group>"; };
		DDBD06192F909DAB00252E3F /* Localizable.xcstrings */ = {isa = PBXFileReference; lastKnownFileType = text.json.xcstrings; path = Localizable.xcstrings; sourceTree = "<group>"; };
		DDBD061B2F90B58C00252E3F /* FreedomShortcuts.swift */ = {isa = PBXFileReference; lastKnownFileType = sourcecode.swift; path = FreedomShortcuts.swift; sourceTree = "<group>"; };
		DDBD061E2F90C38600252E3F /* WelcomeView.swift */ = {isa = PBXFileReference; lastKnownFileType = sourcecode.swift; path = WelcomeView.swift; sourceTree = "<group>"; };
		DDBD06202F90E94000252E3F /* PaywallView.swift */ = {isa = PBXFileReference; lastKnownFileType = sourcecode.swift; path = PaywallView.swift; sourceTree = "<group>"; };
		DDBD06372F90FD3100252E3F /* DayLimit Watch App Watch App.app */ = {isa = PBXFileReference; explicitFileType = wrapper.application; includeInIndex = 0; path = "DayLimit Watch App Watch App.app"; sourceTree = BUILT_PRODUCTS_DIR; };
/* End PBXFileReference section */

/* Begin PBXFileSystemSynchronizedBuildFileExceptionSet section */
		DDBD06012F8E563E00252E3F /* Exceptions for "FreedomWidget" folder in "FreedomWidgetExtension" target */ = {
			isa = PBXFileSystemSynchronizedBuildFileExceptionSet;
			membershipExceptions = (
				Info.plist,
			);
			target = DDBD05EB2F8E563B00252E3F /* FreedomWidgetExtension */;
		};
		DDBD060A2F8E56E600252E3F /* Exceptions for "FreedomWidget" folder in "FreedomTracker" target */ = {
			isa = PBXFileSystemSynchronizedBuildFileExceptionSet;
			membershipExceptions = (
				AddExpenseIntent.swift,
				FreedomWidget.swift,
			);
			target = DDBD05C52F8E281F00252E3F /* FreedomTracker */;
		};
/* End PBXFileSystemSynchronizedBuildFileExceptionSet section */

/* Begin PBXFileSystemSynchronizedRootGroup section */
		DDBD05C82F8E281F00252E3F /* FreedomTracker */ = {
			isa = PBXFileSystemSynchronizedRootGroup;
			path = FreedomTracker;
			sourceTree = "<group>";
		};
		DDBD05F22F8E563C00252E3F /* FreedomWidget */ = {
			isa = PBXFileSystemSynchronizedRootGroup;
			exceptions = (
				DDBD060A2F8E56E600252E3F /* Exceptions for "FreedomWidget" folder in "FreedomTracker" target */,
				DDBD06012F8E563E00252E3F /* Exceptions for "FreedomWidget" folder in "FreedomWidgetExtension" target */,
			);
			path = FreedomWidget;
			sourceTree = "<group>";
		};
		DDBD06382F90FD3100252E3F /* DayLimit Watch App Watch App */ = {
			isa = PBXFileSystemSynchronizedRootGroup;
			path = "DayLimit Watch App Watch App";
			sourceTree = "<group>";
		};
/* End PBXFileSystemSynchronizedRootGroup section */

/* Begin PBXFrameworksBuildPhase section */
		DDBD05C32F8E281F00252E3F /* Frameworks */ = {
			isa = PBXFrameworksBuildPhase;
			buildActionMask = 2147483647;
			files = (
			);
			runOnlyForDeploymentPostprocessing = 0;
		};
		DDBD05E92F8E563B00252E3F /* Frameworks */ = {
			isa = PBXFrameworksBuildPhase;
			buildActionMask = 2147483647;
			files = (
				DDBD05F12F8E563C00252E3F /* SwiftUI.framework in Frameworks */,
				DDBD05EF2F8E563C00252E3F /* WidgetKit.framework in Frameworks */,
			);
			runOnlyForDeploymentPostprocessing = 0;
		};
		DDBD06342F90FD3100252E3F /* Frameworks */ = {
			isa = PBXFrameworksBuildPhase;
			buildActionMask = 2147483647;
			files = (
			);
			runOnlyForDeploymentPostprocessing = 0;
		};
/* End PBXFrameworksBuildPhase section */

/* Begin PBXGroup section */
		DDBD05BD2F8E281F00252E3F = {
			isa = PBXGroup;
			children = (
				DDBD060F2F8E5ED300252E3F /* FreedomWidgetExtension.entitlements */,
				DDBD05DA2F8E31EC00252E3F /* App */,
				DDBD05D72F8E31CF00252E3F /* Views */,
				DDBD05D62F8E31BC00252E3F /* Models */,
				DDBD05C82F8E281F00252E3F /* FreedomTracker */,
				DDBD05F22F8E563C00252E3F /* FreedomWidget */,
				DDBD06382F90FD3100252E3F /* DayLimit Watch App Watch App */,
				DDBD05ED2F8E563B00252E3F /* Frameworks */,
				DDBD05C72F8E281F00252E3F /* Products */,
			);
			sourceTree = "<group>";
		};
		DDBD05C72F8E281F00252E3F /* Products */ = {
			isa = PBXGroup;
			children = (
				DDBD05C62F8E281F00252E3F /* FreedomTracker.app */,
				DDBD05EC2F8E563B00252E3F /* FreedomWidgetExtension.appex */,
				DDBD06372F90FD3100252E3F /* DayLimit Watch App Watch App.app */,
			);
			name = Products;
			sourceTree = "<group>";
		};
		DDBD05D62F8E31BC00252E3F /* Models */ = {
			isa = PBXGroup;
			children = (
				DDBD061B2F90B58C00252E3F /* FreedomShortcuts.swift */,
				DDBD05DB2F8E322D00252E3F /* DataModels.swift */,
			);
			path = Models;
			sourceTree = "<group>";
		};
		DDBD05D72F8E31CF00252E3F /* Views */ = {
			isa = PBXGroup;
			children = (
				DDBD05D92F8E31E200252E3F /* Screens */,
				DDBD05D82F8E31D400252E3F /* Components */,
			);
			path = Views;
			sourceTree = "<group>";
		};
		DDBD05D82F8E31D400252E3F /* Components */ = {
			isa = PBXGroup;
			children = (
				DDBD05DE2F8E338100252E3F /* ActionCardView.swift */,
				DDBD05DC2F8E336D00252E3F /* CircularProgressView.swift */,
			);
			path = Components;
			sourceTree = "<group>";
		};
		DDBD05D92F8E31E200252E3F /* Screens */ = {
			isa = PBXGroup;
			children = (
				DDBD06202F90E94000252E3F /* PaywallView.swift */,
				DDBD061E2F90C38600252E3F /* WelcomeView.swift */,
				DDBD06172F8FEC1D00252E3F /* SettingsView.swift */,
				DDBD06132F8EA8AE00252E3F /* AddCustomExpenseView.swift */,
				DDBD06112F8EA41B00252E3F /* HistoryView.swift */,
				DDBD05E62F8E3C9E00252E3F /* DashboardView.swift */,
				DDBD05E42F8E3C8000252E3F /* OnboardingView.swift */,
				DDBD05CB2F8E281F00252E3F /* ContentView.swift */,
			);
			path = Screens;
			sourceTree = "<group>";
		};
		DDBD05DA2F8E31EC00252E3F /* App */ = {
			isa = PBXGroup;
			children = (
				DDBD05C92F8E281F00252E3F /* FreedomTrackerApp.swift */,
				DDBD06192F909DAB00252E3F /* Localizable.xcstrings */,
			);
			path = App;
			sourceTree = "<group>";
		};
		DDBD05ED2F8E563B00252E3F /* Frameworks */ = {
			isa = PBXGroup;
			children = (
				DDBD05EE2F8E563B00252E3F /* WidgetKit.framework */,
				DDBD05F02F8E563C00252E3F /* SwiftUI.framework */,
			);
			name = Frameworks;
			sourceTree = "<group>";
		};
/* End PBXGroup section */

/* Begin PBXNativeTarget section */
		DDBD05C52F8E281F00252E3F /* FreedomTracker */ = {
			isa = PBXNativeTarget;
			buildConfigurationList = DDBD05D32F8E282000252E3F /* Build configuration list for PBXNativeTarget "FreedomTracker" */;
			buildPhases = (
				DDBD05C22F8E281F00252E3F /* Sources */,
				DDBD05C32F8E281F00252E3F /* Frameworks */,
				DDBD05C42F8E281F00252E3F /* Resources */,
				DDBD06052F8E563E00252E3F /* Embed Foundation Extensions */,
				DDBD06422F90FD3300252E3F /* Embed Watch Content */,
			);
			buildRules = (
			);
			dependencies = (
				DDBD05FF2F8E563E00252E3F /* PBXTargetDependency */,
				DDBD06402F90FD3300252E3F /* PBXTargetDependency */,
			);
			fileSystemSynchronizedGroups = (
				DDBD05C82F8E281F00252E3F /* FreedomTracker */,
			);
			name = FreedomTracker;
			packageProductDependencies = (
			);
			productName = FreedomTracker;
			productReference = DDBD05C62F8E281F00252E3F /* FreedomTracker.app */;
			productType = "com.apple.product-type.application";
		};
		DDBD05EB2F8E563B00252E3F /* FreedomWidgetExtension */ = {
			isa = PBXNativeTarget;
			buildConfigurationList = DDBD06022F8E563E00252E3F /* Build configuration list for PBXNativeTarget "FreedomWidgetExtension" */;
			buildPhases = (
				DDBD05E82F8E563B00252E3F /* Sources */,
				DDBD05E92F8E563B00252E3F /* Frameworks */,
				DDBD05EA2F8E563B00252E3F /* Resources */,
			);
			buildRules = (
			);
			dependencies = (
			);
			fileSystemSynchronizedGroups = (
				DDBD05F22F8E563C00252E3F /* FreedomWidget */,
			);
			name = FreedomWidgetExtension;
			packageProductDependencies = (
			);
			productName = FreedomWidgetExtension;
			productReference = DDBD05EC2F8E563B00252E3F /* FreedomWidgetExtension.appex */;
			productType = "com.apple.product-type.app-extension";
		};
		DDBD06362F90FD3100252E3F /* DayLimit Watch App Watch App */ = {
			isa = PBXNativeTarget;
			buildConfigurationList = DDBD06452F90FD3300252E3F /* Build configuration list for PBXNativeTarget "DayLimit Watch App Watch App" */;
			buildPhases = (
				DDBD06332F90FD3100252E3F /* Sources */,
				DDBD06342F90FD3100252E3F /* Frameworks */,
				DDBD06352F90FD3100252E3F /* Resources */,
			);
			buildRules = (
			);
			dependencies = (
			);
			fileSystemSynchronizedGroups = (
				DDBD06382F90FD3100252E3F /* DayLimit Watch App Watch App */,
			);
			name = "DayLimit Watch App Watch App";
			packageProductDependencies = (
			);
			productName = "DayLimit Watch App Watch App";
			productReference = DDBD06372F90FD3100252E3F /* DayLimit Watch App Watch App.app */;
			productType = "com.apple.product-type.application";
		};
/* End PBXNativeTarget section */

/* Begin PBXProject section */
		DDBD05BE2F8E281F00252E3F /* Project object */ = {
			isa = PBXProject;
			attributes = {
				BuildIndependentTargetsInParallel = 1;
				LastSwiftUpdateCheck = 2640;
				LastUpgradeCheck = 2640;
				TargetAttributes = {
					DDBD05C52F8E281F00252E3F = {
						CreatedOnToolsVersion = 26.4;
					};
					DDBD05EB2F8E563B00252E3F = {
						CreatedOnToolsVersion = 26.4;
					};
					DDBD06362F90FD3100252E3F = {
						CreatedOnToolsVersion = 26.4;
					};
				};
			};
			buildConfigurationList = DDBD05C12F8E281F00252E3F /* Build configuration list for PBXProject "FreedomTracker" */;
			developmentRegion = en;
			hasScannedForEncodings = 0;
			knownRegions = (
				en,
				Base,
				ru,
			);
			mainGroup = DDBD05BD2F8E281F00252E3F;
			minimizedProjectReferenceProxies = 1;
			preferredProjectObjectVersion = 77;
			productRefGroup = DDBD05C72F8E281F00252E3F /* Products */;
			projectDirPath = "";
			projectRoot = "";
			targets = (
				DDBD05C52F8E281F00252E3F /* FreedomTracker */,
				DDBD05EB2F8E563B00252E3F /* FreedomWidgetExtension */,
				DDBD06362F90FD3100252E3F /* DayLimit Watch App Watch App */,
			);
		};
/* End PBXProject section */

/* Begin PBXResourcesBuildPhase section */
		DDBD05C42F8E281F00252E3F /* Resources */ = {
			isa = PBXResourcesBuildPhase;
			buildActionMask = 2147483647;
			files = (
				DDBD061A2F909DAB00252E3F /* Localizable.xcstrings in Resources */,
			);
			runOnlyForDeploymentPostprocessing = 0;
		};
		DDBD05EA2F8E563B00252E3F /* Resources */ = {
			isa = PBXResourcesBuildPhase;
			buildActionMask = 2147483647;
			files = (
			);
			runOnlyForDeploymentPostprocessing = 0;
		};
		DDBD06352F90FD3100252E3F /* Resources */ = {
			isa = PBXResourcesBuildPhase;
			buildActionMask = 2147483647;
			files = (
			);
			runOnlyForDeploymentPostprocessing = 0;
		};
/* End PBXResourcesBuildPhase section */

/* Begin PBXSourcesBuildPhase section */
		DDBD05C22F8E281F00252E3F /* Sources */ = {
			isa = PBXSourcesBuildPhase;
			buildActionMask = 2147483647;
			files = (
				DDBD05CC2F8E281F00252E3F /* ContentView.swift in Sources */,
				DDBD05DD2F8E336F00252E3F /* CircularProgressView.swift in Sources */,
				DDBD05E02F8E355500252E3F /* DataModels.swift in Sources */,
				DDBD06142F8EA8B000252E3F /* AddCustomExpenseView.swift in Sources */,
				DDBD05E72F8E3CA000252E3F /* DashboardView.swift in Sources */,
				DDBD05E52F8E3C8200252E3F /* OnboardingView.swift in Sources */,
				DDBD06212F90E94700252E3F /* PaywallView.swift in Sources */,
				DDBD05DF2F8E338300252E3F /* ActionCardView.swift in Sources */,
				DDBD06122F8EA41E00252E3F /* HistoryView.swift in Sources */,
				DDBD06182F8FEC1F00252E3F /* SettingsView.swift in Sources */,
				DDBD05CA2F8E281F00252E3F /* FreedomTrackerApp.swift in Sources */,
				DDBD061D2F90B58F00252E3F /* FreedomShortcuts.swift in Sources */,
				DDBD061F2F90C38900252E3F /* WelcomeView.swift in Sources */,
			);
			runOnlyForDeploymentPostprocessing = 0;
		};
		DDBD05E82F8E563B00252E3F /* Sources */ = {
			isa = PBXSourcesBuildPhase;
			buildActionMask = 2147483647;
			files = (
				DDBD061C2F90B58F00252E3F /* FreedomShortcuts.swift in Sources */,
				DDBD06062F8E566600252E3F /* DataModels.swift in Sources */,
			);
			runOnlyForDeploymentPostprocessing = 0;
		};
		DDBD06332F90FD3100252E3F /* Sources */ = {
			isa = PBXSourcesBuildPhase;
			buildActionMask = 2147483647;
			files = (
			);
			runOnlyForDeploymentPostprocessing = 0;
		};
/* End PBXSourcesBuildPhase section */

/* Begin PBXTargetDependency section */
		DDBD05FF2F8E563E00252E3F /* PBXTargetDependency */ = {
			isa = PBXTargetDependency;
			target = DDBD05EB2F8E563B00252E3F /* FreedomWidgetExtension */;
			targetProxy = DDBD05FE2F8E563E00252E3F /* PBXContainerItemProxy */;
		};
		DDBD06402F90FD3300252E3F /* PBXTargetDependency */ = {
			isa = PBXTargetDependency;
			target = DDBD06362F90FD3100252E3F /* DayLimit Watch App Watch App */;
			targetProxy = DDBD063F2F90FD3300252E3F /* PBXContainerItemProxy */;
		};
/* End PBXTargetDependency section */

/* Begin XCBuildConfiguration section */
		DDBD05D12F8E282000252E3F /* Debug */ = {
			isa = XCBuildConfiguration;
			buildSettings = {
				ALWAYS_SEARCH_USER_PATHS = NO;
				ASSETCATALOG_COMPILER_GENERATE_SWIFT_ASSET_SYMBOL_EXTENSIONS = YES;
				CLANG_ANALYZER_NONNULL = YES;
				CLANG_ANALYZER_NUMBER_OBJECT_CONVERSION = YES_AGGRESSIVE;
				CLANG_CXX_LANGUAGE_STANDARD = "gnu++20";
				CLANG_ENABLE_MODULES = YES;
				CLANG_ENABLE_OBJC_ARC = YES;
				CLANG_ENABLE_OBJC_WEAK = YES;
				CLANG_WARN_BLOCK_CAPTURE_AUTORELEASING = YES;
				CLANG_WARN_BOOL_CONVERSION = YES;
				CLANG_WARN_COMMA = YES;
				CLANG_WARN_CONSTANT_CONVERSION = YES;
				CLANG_WARN_DEPRECATED_OBJC_IMPLEMENTATIONS = YES;
				CLANG_WARN_DIRECT_OBJC_ISA_USAGE = YES_ERROR;
				CLANG_WARN_DOCUMENTATION_COMMENTS = YES;
				CLANG_WARN_EMPTY_BODY = YES;
				CLANG_WARN_ENUM_CONVERSION = YES;
				CLANG_WARN_INFINITE_RECURSION = YES;
				CLANG_WARN_INT_CONVERSION = YES;
				CLANG_WARN_NON_LITERAL_NULL_CONVERSION = YES;
				CLANG_WARN_OBJC_IMPLICIT_RETAIN_SELF = YES;
				CLANG_WARN_OBJC_LITERAL_CONVERSION = YES;
				CLANG_WARN_OBJC_ROOT_CLASS = YES_ERROR;
				CLANG_WARN_QUOTED_INCLUDE_IN_FRAMEWORK_HEADER = YES;
				CLANG_WARN_RANGE_LOOP_ANALYSIS = YES;
				CLANG_WARN_STRICT_PROTOTYPES = YES;
				CLANG_WARN_SUSPICIOUS_MOVE = YES;
				CLANG_WARN_UNGUARDED_AVAILABILITY = YES_AGGRESSIVE;
				CLANG_WARN_UNREACHABLE_CODE = YES;
				CLANG_WARN__DUPLICATE_METHOD_MATCH = YES;
				COPY_PHASE_STRIP = NO;
				DEBUG_INFORMATION_FORMAT = dwarf;
				DEVELOPMENT_TEAM = GRDPVVBPYD;
				ENABLE_STRICT_OBJC_MSGSEND = YES;
				ENABLE_TESTABILITY = YES;
				ENABLE_USER_SCRIPT_SANDBOXING = YES;
				GCC_C_LANGUAGE_STANDARD = gnu17;
				GCC_DYNAMIC_NO_PIC = NO;
				GCC_NO_COMMON_BLOCKS = YES;
				GCC_OPTIMIZATION_LEVEL = 0;
				GCC_PREPROCESSOR_DEFINITIONS = (
					"DEBUG=1",
					"$(inherited)",
				);
				GCC_WARN_64_TO_32_BIT_CONVERSION = YES;
				GCC_WARN_ABOUT_RETURN_TYPE = YES_ERROR;
				GCC_WARN_UNDECLARED_SELECTOR = YES;
				GCC_WARN_UNINITIALIZED_AUTOS = YES_AGGRESSIVE;
				GCC_WARN_UNUSED_FUNCTION = YES;
				GCC_WARN_UNUSED_VARIABLE = YES;
				IPHONEOS_DEPLOYMENT_TARGET = 26.4;
				LOCALIZATION_PREFERS_STRING_CATALOGS = YES;
				MTL_ENABLE_DEBUG_INFO = INCLUDE_SOURCE;
				MTL_FAST_MATH = YES;
				ONLY_ACTIVE_ARCH = YES;
				SDKROOT = iphoneos;
				SWIFT_ACTIVE_COMPILATION_CONDITIONS = "DEBUG $(inherited)";
				SWIFT_EMIT_LOC_STRINGS = YES;
				SWIFT_OPTIMIZATION_LEVEL = "-Onone";
			};
			name = Debug;
		};
		DDBD05D22F8E282000252E3F /* Release */ = {
			isa = XCBuildConfiguration;
			buildSettings = {
				ALWAYS_SEARCH_USER_PATHS = NO;
				ASSETCATALOG_COMPILER_GENERATE_SWIFT_ASSET_SYMBOL_EXTENSIONS = YES;
				CLANG_ANALYZER_NONNULL = YES;
				CLANG_ANALYZER_NUMBER_OBJECT_CONVERSION = YES_AGGRESSIVE;
				CLANG_CXX_LANGUAGE_STANDARD = "gnu++20";
				CLANG_ENABLE_MODULES = YES;
				CLANG_ENABLE_OBJC_ARC = YES;
				CLANG_ENABLE_OBJC_WEAK = YES;
				CLANG_WARN_BLOCK_CAPTURE_AUTORELEASING = YES;
				CLANG_WARN_BOOL_CONVERSION = YES;
				CLANG_WARN_COMMA = YES;
				CLANG_WARN_CONSTANT_CONVERSION = YES;
				CLANG_WARN_DEPRECATED_OBJC_IMPLEMENTATIONS = YES;
				CLANG_WARN_DIRECT_OBJC_ISA_USAGE = YES_ERROR;
				CLANG_WARN_DOCUMENTATION_COMMENTS = YES;
				CLANG_WARN_EMPTY_BODY = YES;
				CLANG_WARN_ENUM_CONVERSION = YES;
				CLANG_WARN_INFINITE_RECURSION = YES;
				CLANG_WARN_INT_CONVERSION = YES;
				CLANG_WARN_NON_LITERAL_NULL_CONVERSION = YES;
				CLANG_WARN_OBJC_IMPLICIT_RETAIN_SELF = YES;
				CLANG_WARN_OBJC_LITERAL_CONVERSION = YES;
				CLANG_WARN_OBJC_ROOT_CLASS = YES_ERROR;
				CLANG_WARN_QUOTED_INCLUDE_IN_FRAMEWORK_HEADER = YES;
				CLANG_WARN_RANGE_LOOP_ANALYSIS = YES;
				CLANG_WARN_STRICT_PROTOTYPES = YES;
				CLANG_WARN_SUSPICIOUS_MOVE = YES;
				CLANG_WARN_UNGUARDED_AVAILABILITY = YES_AGGRESSIVE;
				CLANG_WARN_UNREACHABLE_CODE = YES;
				CLANG_WARN__DUPLICATE_METHOD_MATCH = YES;
				COPY_PHASE_STRIP = NO;
				DEBUG_INFORMATION_FORMAT = "dwarf-with-dsym";
				DEVELOPMENT_TEAM = GRDPVVBPYD;
				ENABLE_NS_ASSERTIONS = NO;
				ENABLE_STRICT_OBJC_MSGSEND = YES;
				ENABLE_USER_SCRIPT_SANDBOXING = YES;
				GCC_C_LANGUAGE_STANDARD = gnu17;
				GCC_NO_COMMON_BLOCKS = YES;
				GCC_WARN_64_TO_32_BIT_CONVERSION = YES;
				GCC_WARN_ABOUT_RETURN_TYPE = YES_ERROR;
				GCC_WARN_UNDECLARED_SELECTOR = YES;
				GCC_WARN_UNINITIALIZED_AUTOS = YES_AGGRESSIVE;
				GCC_WARN_UNUSED_FUNCTION = YES;
				GCC_WARN_UNUSED_VARIABLE = YES;
				IPHONEOS_DEPLOYMENT_TARGET = 26.4;
				LOCALIZATION_PREFERS_STRING_CATALOGS = YES;
				MTL_ENABLE_DEBUG_INFO = NO;
				MTL_FAST_MATH = YES;
				SDKROOT = iphoneos;
				SWIFT_COMPILATION_MODE = wholemodule;
				SWIFT_EMIT_LOC_STRINGS = YES;
				VALIDATE_PRODUCT = YES;
			};
			name = Release;
		};
		DDBD05D42F8E282000252E3F /* Debug */ = {
			isa = XCBuildConfiguration;
			buildSettings = {
				ASSETCATALOG_COMPILER_APPICON_NAME = AppIcon;
				ASSETCATALOG_COMPILER_GLOBAL_ACCENT_COLOR_NAME = AccentColor;
				CODE_SIGN_ENTITLEMENTS = FreedomTracker/FreedomTracker.entitlements;
				CODE_SIGN_STYLE = Automatic;
				CURRENT_PROJECT_VERSION = 1;
				DEVELOPMENT_TEAM = GRDPVVBPYD;
				ENABLE_PREVIEWS = YES;
				GENERATE_INFOPLIST_FILE = YES;
				INFOPLIST_KEY_CFBundleDisplayName = DayLimit;
				INFOPLIST_KEY_LSApplicationCategoryType = "public.app-category.finance";
				INFOPLIST_KEY_UIApplicationSceneManifest_Generation = YES;
				INFOPLIST_KEY_UIApplicationSupportsIndirectInputEvents = YES;
				INFOPLIST_KEY_UILaunchScreen_Generation = YES;
				INFOPLIST_KEY_UISupportedInterfaceOrientations = "UIInterfaceOrientationLandscapeLeft UIInterfaceOrientationLandscapeRight UIInterfaceOrientationPortrait";
				INFOPLIST_KEY_UISupportedInterfaceOrientations_iPad = "UIInterfaceOrientationLandscapeLeft UIInterfaceOrientationLandscapeRight UIInterfaceOrientationPortrait UIInterfaceOrientationPortraitUpsideDown";
				IPHONEOS_DEPLOYMENT_TARGET = 18.6;
				LD_RUNPATH_SEARCH_PATHS = (
					"$(inherited)",
					"@executable_path/Frameworks",
				);
				MARKETING_VERSION = 1.0;
				PRODUCT_BUNDLE_IDENTIFIER = com.vladimirkovalenko.FreedomTracker;
				PRODUCT_NAME = "$(TARGET_NAME)";
				STRING_CATALOG_GENERATE_SYMBOLS = YES;
				SWIFT_APPROACHABLE_CONCURRENCY = YES;
				SWIFT_DEFAULT_ACTOR_ISOLATION = MainActor;
				SWIFT_EMIT_LOC_STRINGS = YES;
				SWIFT_UPCOMING_FEATURE_MEMBER_IMPORT_VISIBILITY = YES;
				SWIFT_VERSION = 5.0;
				TARGETED_DEVICE_FAMILY = "1,2";
			};
			name = Debug;
		};
		DDBD05D52F8E282000252E3F /* Release */ = {
			isa = XCBuildConfiguration;
			buildSettings = {
				ASSETCATALOG_COMPILER_APPICON_NAME = AppIcon;
				ASSETCATALOG_COMPILER_GLOBAL_ACCENT_COLOR_NAME = AccentColor;
				CODE_SIGN_ENTITLEMENTS = FreedomTracker/FreedomTracker.entitlements;
				CODE_SIGN_STYLE = Automatic;
				CURRENT_PROJECT_VERSION = 1;
				DEVELOPMENT_TEAM = GRDPVVBPYD;
				ENABLE_PREVIEWS = YES;
				GENERATE_INFOPLIST_FILE = YES;
				INFOPLIST_KEY_CFBundleDisplayName = DayLimit;
				INFOPLIST_KEY_LSApplicationCategoryType = "public.app-category.finance";
				INFOPLIST_KEY_UIApplicationSceneManifest_Generation = YES;
				INFOPLIST_KEY_UIApplicationSupportsIndirectInputEvents = YES;
				INFOPLIST_KEY_UILaunchScreen_Generation = YES;
				INFOPLIST_KEY_UISupportedInterfaceOrientations = "UIInterfaceOrientationLandscapeLeft UIInterfaceOrientationLandscapeRight UIInterfaceOrientationPortrait";
				INFOPLIST_KEY_UISupportedInterfaceOrientations_iPad = "UIInterfaceOrientationLandscapeLeft UIInterfaceOrientationLandscapeRight UIInterfaceOrientationPortrait UIInterfaceOrientationPortraitUpsideDown";
				IPHONEOS_DEPLOYMENT_TARGET = 18.6;
				LD_RUNPATH_SEARCH_PATHS = (
					"$(inherited)",
					"@executable_path/Frameworks",
				);
				MARKETING_VERSION = 1.0;
				PRODUCT_BUNDLE_IDENTIFIER = com.vladimirkovalenko.FreedomTracker;
				PRODUCT_NAME = "$(TARGET_NAME)";
				STRING_CATALOG_GENERATE_SYMBOLS = YES;
				SWIFT_APPROACHABLE_CONCURRENCY = YES;
				SWIFT_DEFAULT_ACTOR_ISOLATION = MainActor;
				SWIFT_EMIT_LOC_STRINGS = YES;
				SWIFT_UPCOMING_FEATURE_MEMBER_IMPORT_VISIBILITY = YES;
				SWIFT_VERSION = 5.0;
				TARGETED_DEVICE_FAMILY = "1,2";
			};
			name = Release;
		};
		DDBD06032F8E563E00252E3F /* Debug */ = {
			isa = XCBuildConfiguration;
			buildSettings = {
				ASSETCATALOG_COMPILER_GLOBAL_ACCENT_COLOR_NAME = AccentColor;
				ASSETCATALOG_COMPILER_WIDGET_BACKGROUND_COLOR_NAME = WidgetBackground;
				CODE_SIGN_ENTITLEMENTS = FreedomWidgetExtension.entitlements;
				CODE_SIGN_STYLE = Automatic;
				CURRENT_PROJECT_VERSION = 1;
				DEVELOPMENT_TEAM = GRDPVVBPYD;
				GENERATE_INFOPLIST_FILE = YES;
				INFOPLIST_FILE = FreedomWidget/Info.plist;
				INFOPLIST_KEY_CFBundleDisplayName = DayLimit;
				INFOPLIST_KEY_NSHumanReadableCopyright = "";
				LD_RUNPATH_SEARCH_PATHS = (
					"$(inherited)",
					"@executable_path/Frameworks",
					"@executable_path/../../Frameworks",
				);
				MARKETING_VERSION = 1.0;
				PRODUCT_BUNDLE_IDENTIFIER = com.vladimirkovalenko.FreedomTracker.FreedomWidget;
				PRODUCT_NAME = "$(TARGET_NAME)";
				SKIP_INSTALL = YES;
				STRING_CATALOG_GENERATE_SYMBOLS = YES;
				SWIFT_APPROACHABLE_CONCURRENCY = YES;
				SWIFT_EMIT_LOC_STRINGS = YES;
				SWIFT_UPCOMING_FEATURE_MEMBER_IMPORT_VISIBILITY = YES;
				SWIFT_VERSION = 5.0;
				TARGETED_DEVICE_FAMILY = "1,2";
			};
			name = Debug;
		};
		DDBD06042F8E563E00252E3F /* Release */ = {
			isa = XCBuildConfiguration;
			buildSettings = {
				ASSETCATALOG_COMPILER_GLOBAL_ACCENT_COLOR_NAME = AccentColor;
				ASSETCATALOG_COMPILER_WIDGET_BACKGROUND_COLOR_NAME = WidgetBackground;
				CODE_SIGN_ENTITLEMENTS = FreedomWidgetExtension.entitlements;
				CODE_SIGN_STYLE = Automatic;
				CURRENT_PROJECT_VERSION = 1;
				DEVELOPMENT_TEAM = GRDPVVBPYD;
				GENERATE_INFOPLIST_FILE = YES;
				INFOPLIST_FILE = FreedomWidget/Info.plist;
				INFOPLIST_KEY_CFBundleDisplayName = DayLimit;
				INFOPLIST_KEY_NSHumanReadableCopyright = "";
				LD_RUNPATH_SEARCH_PATHS = (
					"$(inherited)",
					"@executable_path/Frameworks",
					"@executable_path/../../Frameworks",
				);
				MARKETING_VERSION = 1.0;
				PRODUCT_BUNDLE_IDENTIFIER = com.vladimirkovalenko.FreedomTracker.FreedomWidget;
				PRODUCT_NAME = "$(TARGET_NAME)";
				SKIP_INSTALL = YES;
				STRING_CATALOG_GENERATE_SYMBOLS = YES;
				SWIFT_APPROACHABLE_CONCURRENCY = YES;
				SWIFT_EMIT_LOC_STRINGS = YES;
				SWIFT_UPCOMING_FEATURE_MEMBER_IMPORT_VISIBILITY = YES;
				SWIFT_VERSION = 5.0;
				TARGETED_DEVICE_FAMILY = "1,2";
			};
			name = Release;
		};
		DDBD06432F90FD3300252E3F /* Debug */ = {
			isa = XCBuildConfiguration;
			buildSettings = {
				ASSETCATALOG_COMPILER_APPICON_NAME = AppIcon;
				ASSETCATALOG_COMPILER_GLOBAL_ACCENT_COLOR_NAME = AccentColor;
				CODE_SIGN_STYLE = Automatic;
				CURRENT_PROJECT_VERSION = 1;
				DEVELOPMENT_TEAM = GRDPVVBPYD;
				ENABLE_PREVIEWS = YES;
				GENERATE_INFOPLIST_FILE = YES;
				INFOPLIST_KEY_CFBundleDisplayName = "DayLimit Watch App";
				INFOPLIST_KEY_UISupportedInterfaceOrientations = "UIInterfaceOrientationPortrait UIInterfaceOrientationPortraitUpsideDown";
				INFOPLIST_KEY_WKCompanionAppBundleIdentifier = com.vladimirkovalenko.FreedomTracker;
				LD_RUNPATH_SEARCH_PATHS = (
					"$(inherited)",
					"@executable_path/Frameworks",
				);
				MARKETING_VERSION = 1.0;
				PRODUCT_BUNDLE_IDENTIFIER = com.vladimirkovalenko.FreedomTracker.watchkitapp;
				PRODUCT_NAME = "$(TARGET_NAME)";
				SDKROOT = watchos;
				SKIP_INSTALL = YES;
				STRING_CATALOG_GENERATE_SYMBOLS = YES;
				SWIFT_APPROACHABLE_CONCURRENCY = YES;
				SWIFT_DEFAULT_ACTOR_ISOLATION = MainActor;
				SWIFT_EMIT_LOC_STRINGS = YES;
				SWIFT_UPCOMING_FEATURE_MEMBER_IMPORT_VISIBILITY = YES;
				SWIFT_VERSION = 5.0;
				TARGETED_DEVICE_FAMILY = 4;
				WATCHOS_DEPLOYMENT_TARGET = 9.6;
			};
			name = Debug;
		};
		DDBD06442F90FD3300252E3F /* Release */ = {
			isa = XCBuildConfiguration;
			buildSettings = {
				ASSETCATALOG_COMPILER_APPICON_NAME = AppIcon;
				ASSETCATALOG_COMPILER_GLOBAL_ACCENT_COLOR_NAME = AccentColor;
				CODE_SIGN_STYLE = Automatic;
				CURRENT_PROJECT_VERSION = 1;
				DEVELOPMENT_TEAM = GRDPVVBPYD;
				ENABLE_PREVIEWS = YES;
				GENERATE_INFOPLIST_FILE = YES;
				INFOPLIST_KEY_CFBundleDisplayName = "DayLimit Watch App";
				INFOPLIST_KEY_UISupportedInterfaceOrientations = "UIInterfaceOrientationPortrait UIInterfaceOrientationPortraitUpsideDown";
				INFOPLIST_KEY_WKCompanionAppBundleIdentifier = com.vladimirkovalenko.FreedomTracker;
				LD_RUNPATH_SEARCH_PATHS = (
					"$(inherited)",
					"@executable_path/Frameworks",
				);
				MARKETING_VERSION = 1.0;
				PRODUCT_BUNDLE_IDENTIFIER = com.vladimirkovalenko.FreedomTracker.watchkitapp;
				PRODUCT_NAME = "$(TARGET_NAME)";
				SDKROOT = watchos;
				SKIP_INSTALL = YES;
				STRING_CATALOG_GENERATE_SYMBOLS = YES;
				SWIFT_APPROACHABLE_CONCURRENCY = YES;
				SWIFT_DEFAULT_ACTOR_ISOLATION = MainActor;
				SWIFT_EMIT_LOC_STRINGS = YES;
				SWIFT_UPCOMING_FEATURE_MEMBER_IMPORT_VISIBILITY = YES;
				SWIFT_VERSION = 5.0;
				TARGETED_DEVICE_FAMILY = 4;
				WATCHOS_DEPLOYMENT_TARGET = 9.6;
			};
			name = Release;
		};
/* End XCBuildConfiguration section */

/* Begin XCConfigurationList section */
		DDBD05C12F8E281F00252E3F /* Build configuration list for PBXProject "FreedomTracker" */ = {
			isa = XCConfigurationList;
			buildConfigurations = (
				DDBD05D12F8E282000252E3F /* Debug */,
				DDBD05D22F8E282000252E3F /* Release */,
			);
			defaultConfigurationIsVisible = 0;
			defaultConfigurationName = Release;
		};
		DDBD05D32F8E282000252E3F /* Build configuration list for PBXNativeTarget "FreedomTracker" */ = {
			isa = XCConfigurationList;
			buildConfigurations = (
				DDBD05D42F8E282000252E3F /* Debug */,
				DDBD05D52F8E282000252E3F /* Release */,
			);
			defaultConfigurationIsVisible = 0;
			defaultConfigurationName = Release;
		};
		DDBD06022F8E563E00252E3F /* Build configuration list for PBXNativeTarget "FreedomWidgetExtension" */ = {
			isa = XCConfigurationList;
			buildConfigurations = (
				DDBD06032F8E563E00252E3F /* Debug */,
				DDBD06042F8E563E00252E3F /* Release */,
			);
			defaultConfigurationIsVisible = 0;
			defaultConfigurationName = Release;
		};
		DDBD06452F90FD3300252E3F /* Build configuration list for PBXNativeTarget "DayLimit Watch App Watch App" */ = {
			isa = XCConfigurationList;
			buildConfigurations = (
				DDBD06432F90FD3300252E3F /* Debug */,
				DDBD06442F90FD3300252E3F /* Release */,
			);
			defaultConfigurationIsVisible = 0;
			defaultConfigurationName = Release;
		};
/* End XCConfigurationList section */
	};
	rootObject = DDBD05BE2F8E281F00252E3F /* Project object */;
}
